<?xml version="1.0" encoding="utf-8"?>
<Project ToolsVersion="4.0" xmlns="http://schemas.microsoft.com/developer/msbuild/2003">
  <ItemGroup>
    <Filter Include="Source Files">
      <UniqueIdentifier>{4FC737F1-C7A5-4376-A066-2A32D752A2FF}</UniqueIdentifier>
      <Extensions>cpp;c;cc;cxx;def;odl;idl;hpj;bat;asm;asmx</Extensions>
    </Filter>
    <Filter Include="Header Files">
      <UniqueIdentifier>{93995380-89BD-4b04-88EB-625FBE52EBFB}</UniqueIdentifier>
      <Extensions>h;hh;hpp;hxx;hm;inl;inc;xsd</Extensions>
    </Filter>
    <Filter Include="Resource Files">
      <UniqueIdentifier>{D9D6E242-F8AF-46E4-B9FD-80ECBC20BA3E}</UniqueIdentifier>
      <Extensions>qrc;*</Extensions>
      <ParseFiles>false</ParseFiles>
    </Filter>
    <Filter Include="Form Files">
      <UniqueIdentifier>{99349809-55BA-4b9d-BF79-8FDBB0286EB3}</UniqueIdentifier>
      <Extensions>ui</Extensions>
    </Filter>
    <Filter Include="Resource Files">
      <UniqueIdentifier>{D9D6E242-F8AF-46E4-B9FD-80ECBC20BA3E}</UniqueIdentifier>
      <Extensions>qrc;*</Extensions>
      <ParseFiles>false</ParseFiles>
    </Filter>
    <Filter Include="Header Files\UI">
      <UniqueIdentifier>{ef63a076-856b-40c8-9f83-d5983654d312}</UniqueIdentifier>
    </Filter>
    <Filter Include="Source Files\UI">
      <UniqueIdentifier>{992338da-64a1-4f77-b195-940ae0138bc6}</UniqueIdentifier>
    </Filter>
    <Filter Include="Header Files\Core">
      <UniqueIdentifier>{20972329-de39-4f4a-a7ba-f28c9e0b08ed}</UniqueIdentifier>
    </Filter>
    <Filter Include="Source Files\Core">
      <UniqueIdentifier>{fce1c950-8981-4e77-b279-4d37faaa8a62}</UniqueIdentifier>
    </Filter>
    <Filter Include="Translation Files">
      <UniqueIdentifier>{639EADAA-A684-42e4-A9AD-28FC9BCB8F7C}</UniqueIdentifier>
      <Extensions>ts</Extensions>
      <ParseFiles>false</ParseFiles>
    </Filter>
  </ItemGroup>
  <ItemGroup>
    <ClCompile Include="src\FNode\main.cpp">
      <Filter>Source Files</Filter>
    </ClCompile>
    <ClCompile Include="src\FNode\UI\MainWindow.cpp">
      <Filter>Source Files\UI</Filter>
    </ClCompile>
    <ClCompile Include="src\FNode\UI\CommonScene.cpp">
      <Filter>Source Files\UI</Filter>
    </ClCompile>
    <ClCompile Include="src\FNode\UI\CommonNodeView.cpp">
      <Filter>Source Files\UI</Filter>
    </ClCompile>
    <ClCompile Include="src\FNode\Core\NetTaskManager.cpp">
      <Filter>Source Files\Core</Filter>
    </ClCompile>
    <ClCompile Include="src\FNode\Core\StockDividendTask.cpp">
      <Filter>Source Files\Core</Filter>
    </ClCompile>
    <ClCompile Include="src\FNode\Core\StockDatabase.cpp">
      <Filter>Source Files\Core</Filter>
    </ClCompile>
    <ClCompile Include="src\FNode\Core\StockDividend.cpp">
      <Filter>Source Files\Core</Filter>
    </ClCompile>
    <ClCompile Include="src\FNode\Core\StockPrePriceTask.cpp">
      <Filter>Source Files\Core</Filter>
    </ClCompile>
    <ClCompile Include="src\FNode\Core\StockPrePrice.cpp">
      <Filter>Source Files\Core</Filter>
    </ClCompile>
    <ClCompile Include="src\FNode\UI\StockSearhFrame.cpp">
      <Filter>Source Files\UI</Filter>
    </ClCompile>
    <ClCompile Include="src\FNode\UI\DividendDetailFrame.cpp">
      <Filter>Source Files\UI</Filter>
    </ClCompile>
    <ClCompile Include="src\FNode\Core\StockPrice.cpp">
      <Filter>Source Files\Core</Filter>
    </ClCompile>
    <ClCompile Include="src\FNode\Core\StockPriceTask.cpp">
      <Filter>Source Files\Core</Filter>
    </ClCompile>
    <ClCompile Include="src\FNode\UI\StockPriceView.cpp">
      <Filter>Source Files\UI</Filter>
    </ClCompile>
    <ClCompile Include="src\FNode\UI\DividendFrame.cpp">
      <Filter>Source Files\UI</Filter>
    </ClCompile>
    <ClCompile Include="src\FNode\UI\HoldersFrame.cpp">
      <Filter>Source Files\UI</Filter>
    </ClCompile>
    <ClCompile Include="src\FNode\Core\StockHolders.cpp">
      <Filter>Source Files\Core</Filter>
    </ClCompile>
    <ClCompile Include="src\FNode\Core\StockHoldersTask.cpp">
      <Filter>Source Files\Core</Filter>
    </ClCompile>
  </ItemGroup>
  <ItemGroup>
    <QtMoc Include="include\FNode\UI\MainWindow.h">
      <Filter>Header Files\UI</Filter>
    </QtMoc>
    <QtMoc Include="include\FNode\Core\NetTaskManager.h">
      <Filter>Header Files\Core</Filter>
    </QtMoc>
    <QtMoc Include="include\FNode\UI\StockSearhFrame.h">
      <Filter>Header Files\UI</Filter>
    </QtMoc>
    <QtMoc Include="include\FNode\UI\DividendDetailFrame.h">
      <Filter>Header Files\UI</Filter>
    </QtMoc>
    <QtMoc Include="include\FNode\UI\StockPriceView.h">
      <Filter>Header Files\UI</Filter>
    </QtMoc>
  </ItemGroup>
  <ItemGroup>
    <ClInclude Include="include\FNode\UI\CommonScene.h">
      <Filter>Header Files\UI</Filter>
    </ClInclude>
    <ClInclude Include="include\FNode\UI\CommonNodeView.h">
      <Filter>Header Files\UI</Filter>
    </ClInclude>
    <ClInclude Include="include\FNode\Core\StockDividendTask.h">
      <Filter>Header Files\Core</Filter>
    </ClInclude>
    <ClInclude Include="include\FNode\Core\StockDatabase.h">
      <Filter>Header Files\Core</Filter>
    </ClInclude>
    <ClInclude Include="include\FNode\Core\StockDividend.h">
      <Filter>Header Files\Core</Filter>
    </ClInclude>
    <ClInclude Include="include\FNode\Core\StockPrePriceTask.h">
      <Filter>Header Files\Core</Filter>
    </ClInclude>
    <ClInclude Include="include\FNode\Core\StockPrePrice.h">
      <Filter>Header Files\Core</Filter>
    </ClInclude>
    <ClInclude Include="include\FNode\Core\StockPrice.h">
      <Filter>Header Files\Core</Filter>
    </ClInclude>
    <ClInclude Include="include\FNode\Core\StockPriceTask.h">
      <Filter>Header Files\Core</Filter>
    </ClInclude>
    <ClInclude Include="include\FNode\UI\DividendFrame.h">
      <Filter>Header Files\UI</Filter>
    </ClInclude>
    <ClInclude Include="include\FNode\UI\HoldersFrame.h">
      <Filter>Header Files\UI</Filter>
    </ClInclude>
    <ClInclude Include="include\FNode\Core\StockHolders.h">
      <Filter>Header Files\Core</Filter>
    </ClInclude>
    <ClInclude Include="include\FNode\Core\StockHoldersTask.h">
      <Filter>Header Files\Core</Filter>
    </ClInclude>
    <ClInclude Include="resource.h">
      <Filter>Header Files</Filter>
    </ClInclude>
  </ItemGroup>
  <ItemGroup>
    <CustomBuild Include="fnode_zh.ts">
      <Filter>Translation Files</Filter>
    </CustomBuild>
  </ItemGroup>
  <ItemGroup>
    <Image Include="resource\icon.ico" />
  </ItemGroup>
  <ItemGroup>
    <ResourceCompile Include="FNode.rc">
      <Filter>Resource Files</Filter>
    </ResourceCompile>
  </ItemGroup>
  <ItemGroup>
    <QtRcc Include="resource\Resource.qrc">
      <Filter>Resource Files</Filter>
    </QtRcc>
  </ItemGroup>
</Project>